
Microsoft Visual Studio Solution File, Format Version 12.00
# Visual Studio 15
VisualStudioVersion = 15.0.28307.757
MinimumVisualStudioVersion = 10.0.40219.1
Project("{FAE04EC0-301F-11D3-BF4B-00C04F79EFBC}") = "Meals.Service", "Meals.Service\Meals.Service.csproj", "{DB6D2745-1DF8-4F67-9D26-E347A9170C70}"
EndProject
Project("{FAE04EC0-301F-11D3-BF4B-00C04F79EFBC}") = "Meals.Service.Tests", "Meals.Service.Tests\Meals.Service.Tests.csproj", "{795E1E21-5106-4159-9482-CFAEDEADF261}"
EndProject
Global
	GlobalSection(SolutionConfigurationPlatforms) = preSolution
		Debug|Any CPU = Debug|Any CPU
		Release|Any CPU = Release|Any CPU
	EndGlobalSection
	GlobalSection(ProjectConfigurationPlatforms) = postSolution
		{DB6D2745-1DF8-4F67-9D26-E347A9170C70}.Debug|Any CPU.ActiveCfg = Debug|Any CPU
		{DB6D2745-1DF8-4F67-9D26-E347A9170C70}.Debug|Any CPU.Build.0 = Debug|Any CPU
		{DB6D2745-1DF8-4F67-9D26-E347A9170C70}.Release|Any CPU.ActiveCfg = Release|Any CPU
		{DB6D2745-1DF8-4F67-9D26-E347A9170C70}.Release|Any CPU.Build.0 = Release|Any CPU
		{795E1E21-5106-4159-9482-CFAEDEADF261}.Debug|Any CPU.ActiveCfg = Debug|Any CPU
		{795E1E21-5106-4159-9482-CFAEDEADF261}.Debug|Any CPU.Build.0 = Debug|Any CPU
		{795E1E21-5106-4159-9482-CFAEDEADF261}.Release|Any CPU.ActiveCfg = Release|Any CPU
		{795E1E21-5106-4159-9482-CFAEDEADF261}.Release|Any CPU.Build.0 = Release|Any CPU
	EndGlobalSection
	GlobalSection(SolutionProperties) = preSolution
		HideSolutionNode = FALSE
	EndGlobalSection
	GlobalSection(ExtensibilityGlobals) = postSolution
		SolutionGuid = {9C31DF93-8AFC-458E-9DE2-4021C9FC4ED1}
	EndGlobalSection
EndGlobal
